// !$*UTF8*$!
{
	archiveVersion = 1;
	classes = {
	};
	objectVersion = 50;
	objects = {

/* Begin PBXBuildFile section */
		6726A3AC25CC3357002DF237 /* AppDelegate.swift in Sources */ = {isa = PBXBuildFile; fileRef = 6726A3AB25CC3357002DF237 /* AppDelegate.swift */; };
		6726A3AE25CC3357002DF237 /* SceneDelegate.swift in Sources */ = {isa = PBXBuildFile; fileRef = 6726A3AD25CC3357002DF237 /* SceneDelegate.swift */; };
		6726A3B025CC3357002DF237 /* CurrentWeatherController.swift in Sources */ = {isa = PBXBuildFile; fileRef = 6726A3AF25CC3357002DF237 /* CurrentWeatherController.swift */; };
		6726A3B325CC3357002DF237 /* Main.storyboard in Resources */ = {isa = PBXBuildFile; fileRef = 6726A3B125CC3357002DF237 /* Main.storyboard */; };
		6726A3B525CC3360002DF237 /* Assets.xcassets in Resources */ = {isa = PBXBuildFile; fileRef = 6726A3B425CC3360002DF237 /* Assets.xcassets */; };
		6726A3B825CC3360002DF237 /* LaunchScreen.storyboard in Resources */ = {isa = PBXBuildFile; fileRef = 6726A3B625CC3360002DF237 /* LaunchScreen.storyboard */; };
		6726A3C025CC3382002DF237 /* .gitignore in Resources */ = {isa = PBXBuildFile; fileRef = 6726A3BF25CC3382002DF237 /* .gitignore */; };
		6726A3C725CC3EAC002DF237 /* CurrentWeather.swift in Sources */ = {isa = PBXBuildFile; fileRef = 6726A3C625CC3EAB002DF237 /* CurrentWeather.swift */; };
		6726A3CA25CC464E002DF237 /* APIManager.swift in Sources */ = {isa = PBXBuildFile; fileRef = 6726A3C925CC464E002DF237 /* APIManager.swift */; };
		6726A3CC25CC466A002DF237 /* WeatherAPIManager.swift in Sources */ = {isa = PBXBuildFile; fileRef = 6726A3CB25CC466A002DF237 /* WeatherAPIManager.swift */; };
		6726A3CE25CC4875002DF237 /* ErrorManager.swift in Sources */ = {isa = PBXBuildFile; fileRef = 6726A3CD25CC4875002DF237 /* ErrorManager.swift */; };
		679A7D5125CD904000DD5C62 /* UIViewController Extensions.swift in Sources */ = {isa = PBXBuildFile; fileRef = 679A7D5025CD904000DD5C62 /* UIViewController Extensions.swift */; };
		67BE29F625D4227E00A6A852 /* Colors.swift in Sources */ = {isa = PBXBuildFile; fileRef = 67BE29F525D4227E00A6A852 /* Colors.swift */; };
		67BE29F825D42B3E00A6A852 /* UINavigationController Extensions.swift in Sources */ = {isa = PBXBuildFile; fileRef = 67BE29F725D42B3E00A6A852 /* UINavigationController Extensions.swift */; };
		67BE29FA25D440DF00A6A852 /* WeatherImageManager.swift in Sources */ = {isa = PBXBuildFile; fileRef = 67BE29F925D440DF00A6A852 /* WeatherImageManager.swift */; };
		67E1F38725CECF3500695FE2 /* LocationManager.swift in Sources */ = {isa = PBXBuildFile; fileRef = 67E1F38625CECF3400695FE2 /* LocationManager.swift */; };
		67F551FA26749EBD00F41A05 /* CurrentWeatherModelTest.swift in Sources */ = {isa = PBXBuildFile; fileRef = 67F551F926749EBD00F41A05 /* CurrentWeatherModelTest.swift */; };
		67F551FF2674A83300F41A05 /* APIManagerTest.swift in Sources */ = {isa = PBXBuildFile; fileRef = 67F551FE2674A83300F41A05 /* APIManagerTest.swift */; };
		67F552022674E18100F41A05 /* MockURLProtocol.swift in Sources */ = {isa = PBXBuildFile; fileRef = 67F552012674E18100F41A05 /* MockURLProtocol.swift */; };
/* End PBXBuildFile section */

/* Begin PBXContainerItemProxy section */
		67F551F326749E5D00F41A05 /* PBXContainerItemProxy */ = {
			isa = PBXContainerItemProxy;
			containerPortal = 6726A3A025CC3357002DF237 /* Project object */;
			proxyType = 1;
			remoteGlobalIDString = 6726A3A725CC3357002DF237;
			remoteInfo = CWeather;
		};
/* End PBXContainerItemProxy section */

/* Begin PBXFileReference section */
		6726A3A825CC3357002DF237 /* CWeather.app */ = {isa = PBXFileReference; explicitFileType = wrapper.application; includeInIndex = 0; path = CWeather.app; sourceTree = BUILT_PRODUCTS_DIR; };
		6726A3AB25CC3357002DF237 /* AppDelegate.swift */ = {isa = PBXFileReference; lastKnownFileType = sourcecode.swift; path = AppDelegate.swift; sourceTree = "<group>"; };
		6726A3AD25CC3357002DF237 /* SceneDelegate.swift */ = {isa = PBXFileReference; lastKnownFileType = sourcecode.swift; path = SceneDelegate.swift; sourceTree = "<group>"; };
		6726A3AF25CC3357002DF237 /* CurrentWeatherController.swift */ = {isa = PBXFileReference; lastKnownFileType = sourcecode.swift; path = CurrentWeatherController.swift; sourceTree = "<group>"; };
		6726A3B225CC3357002DF237 /* Base */ = {isa = PBXFileReference; lastKnownFileType = file.storyboard; name = Base; path = Base.lproj/Main.storyboard; sourceTree = "<group>"; };
		6726A3B425CC3360002DF237 /* Assets.xcassets */ = {isa = PBXFileReference; lastKnownFileType = folder.assetcatalog; path = Assets.xcassets; sourceTree = "<group>"; };
		6726A3B725CC3360002DF237 /* Base */ = {isa = PBXFileReference; lastKnownFileType = file.storyboard; name = Base; path = Base.lproj/LaunchScreen.storyboard; sourceTree = "<group>"; };
		6726A3B925CC3360002DF237 /* Info.plist */ = {isa = PBXFileReference; lastKnownFileType = text.plist.xml; path = Info.plist; sourceTree = "<group>"; };
		6726A3BF25CC3382002DF237 /* .gitignore */ = {isa = PBXFileReference; lastKnownFileType = text; path = .gitignore; sourceTree = "<group>"; };
		6726A3C625CC3EAB002DF237 /* CurrentWeather.swift */ = {isa = PBXFileReference; lastKnownFileType = sourcecode.swift; path = CurrentWeather.swift; sourceTree = "<group>"; };
		6726A3C925CC464E002DF237 /* APIManager.swift */ = {isa = PBXFileReference; lastKnownFileType = sourcecode.swift; path = APIManager.swift; sourceTree = "<group>"; };
		6726A3CB25CC466A002DF237 /* WeatherAPIManager.swift */ = {isa = PBXFileReference; lastKnownFileType = sourcecode.swift; path = WeatherAPIManager.swift; sourceTree = "<group>"; };
		6726A3CD25CC4875002DF237 /* ErrorManager.swift */ = {isa = PBXFileReference; lastKnownFileType = sourcecode.swift; path = ErrorManager.swift; sourceTree = "<group>"; };
		679A7D5025CD904000DD5C62 /* UIViewController Extensions.swift */ = {isa = PBXFileReference; lastKnownFileType = sourcecode.swift; path = "UIViewController Extensions.swift"; sourceTree = "<group>"; };
		67BE29F525D4227E00A6A852 /* Colors.swift */ = {isa = PBXFileReference; lastKnownFileType = sourcecode.swift; path = Colors.swift; sourceTree = "<group>"; };
		67BE29F725D42B3E00A6A852 /* UINavigationController Extensions.swift */ = {isa = PBXFileReference; lastKnownFileType = sourcecode.swift; path = "UINavigationController Extensions.swift"; sourceTree = "<group>"; };
		67BE29F925D440DF00A6A852 /* WeatherImageManager.swift */ = {isa = PBXFileReference; lastKnownFileType = sourcecode.swift; path = WeatherImageManager.swift; sourceTree = "<group>"; };
		67E1F38625CECF3400695FE2 /* LocationManager.swift */ = {isa = PBXFileReference; lastKnownFileType = sourcecode.swift; path = LocationManager.swift; sourceTree = "<group>"; };
		67F551EE26749E5D00F41A05 /* CWeatherTests.xctest */ = {isa = PBXFileReference; explicitFileType = wrapper.cfbundle; includeInIndex = 0; path = CWeatherTests.xctest; sourceTree = BUILT_PRODUCTS_DIR; };
		67F551F226749E5D00F41A05 /* Info.plist */ = {isa = PBXFileReference; lastKnownFileType = text.plist.xml; path = Info.plist; sourceTree = "<group>"; };
		67F551F926749EBD00F41A05 /* CurrentWeatherModelTest.swift */ = {isa = PBXFileReference; lastKnownFileType = sourcecode.swift; path = CurrentWeatherModelTest.swift; sourceTree = "<group>"; };
		67F551FE2674A83300F41A05 /* APIManagerTest.swift */ = {isa = PBXFileReference; lastKnownFileType = sourcecode.swift; path = APIManagerTest.swift; sourceTree = "<group>"; };
		67F552012674E18100F41A05 /* MockURLProtocol.swift */ = {isa = PBXFileReference; lastKnownFileType = sourcecode.swift; path = MockURLProtocol.swift; sourceTree = "<group>"; };
/* End PBXFileReference section */

/* Begin PBXFrameworksBuildPhase section */
		6726A3A525CC3357002DF237 /* Frameworks */ = {
			isa = PBXFrameworksBuildPhase;
			buildActionMask = 2147483647;
			files = (
			);
			runOnlyForDeploymentPostprocessing = 0;
		};
		67F551EB26749E5D00F41A05 /* Frameworks */ = {
			isa = PBXFrameworksBuildPhase;
			buildActionMask = 2147483647;
			files = (
			);
			runOnlyForDeploymentPostprocessing = 0;
		};
/* End PBXFrameworksBuildPhase section */

/* Begin PBXGroup section */
		6726A39F25CC3357002DF237 = {
			isa = PBXGroup;
			children = (
				6726A3BF25CC3382002DF237 /* .gitignore */,
				6726A3AA25CC3357002DF237 /* CWeather */,
				67F551EF26749E5D00F41A05 /* CWeatherTests */,
				6726A3A925CC3357002DF237 /* Products */,
			);
			sourceTree = "<group>";
		};
		6726A3A925CC3357002DF237 /* Products */ = {
			isa = PBXGroup;
			children = (
				6726A3A825CC3357002DF237 /* CWeather.app */,
				67F551EE26749E5D00F41A05 /* CWeatherTests.xctest */,
			);
			name = Products;
			sourceTree = "<group>";
		};
		6726A3AA25CC3357002DF237 /* CWeather */ = {
			isa = PBXGroup;
			children = (
				6726A3AB25CC3357002DF237 /* AppDelegate.swift */,
				6726A3AD25CC3357002DF237 /* SceneDelegate.swift */,
				6726A3B925CC3360002DF237 /* Info.plist */,
				6726A3C325CC3508002DF237 /* Models */,
				6726A3C125CC34FC002DF237 /* Views */,
				6726A3C225CC3501002DF237 /* Controllers */,
				6726A3C425CC3522002DF237 /* Utils */,
				6726A3C525CC353A002DF237 /* Resources */,
			);
			path = CWeather;
			sourceTree = "<group>";
		};
		6726A3C125CC34FC002DF237 /* Views */ = {
			isa = PBXGroup;
			children = (
				6726A3B125CC3357002DF237 /* Main.storyboard */,
			);
			path = Views;
			sourceTree = "<group>";
		};
		6726A3C225CC3501002DF237 /* Controllers */ = {
			isa = PBXGroup;
			children = (
				6726A3AF25CC3357002DF237 /* CurrentWeatherController.swift */,
			);
			path = Controllers;
			sourceTree = "<group>";
		};
		6726A3C325CC3508002DF237 /* Models */ = {
			isa = PBXGroup;
			children = (
				6726A3C625CC3EAB002DF237 /* CurrentWeather.swift */,
			);
			path = Models;
			sourceTree = "<group>";
		};
		6726A3C425CC3522002DF237 /* Utils */ = {
			isa = PBXGroup;
			children = (
				67BE29F425D4225F00A6A852 /* Data */,
				679A7D4F25CD901B00DD5C62 /* Extensions */,
				6726A3C825CC4639002DF237 /* Managers */,
			);
			path = Utils;
			sourceTree = "<group>";
		};
		6726A3C525CC353A002DF237 /* Resources */ = {
			isa = PBXGroup;
			children = (
				6726A3B425CC3360002DF237 /* Assets.xcassets */,
				6726A3B625CC3360002DF237 /* LaunchScreen.storyboard */,
			);
			path = Resources;
			sourceTree = "<group>";
		};
		6726A3C825CC4639002DF237 /* Managers */ = {
			isa = PBXGroup;
			children = (
				6726A3C925CC464E002DF237 /* APIManager.swift */,
				6726A3CB25CC466A002DF237 /* WeatherAPIManager.swift */,
				67E1F38625CECF3400695FE2 /* LocationManager.swift */,
				6726A3CD25CC4875002DF237 /* ErrorManager.swift */,
				67BE29F925D440DF00A6A852 /* WeatherImageManager.swift */,
			);
			path = Managers;
			sourceTree = "<group>";
		};
		679A7D4F25CD901B00DD5C62 /* Extensions */ = {
			isa = PBXGroup;
			children = (
				679A7D5025CD904000DD5C62 /* UIViewController Extensions.swift */,
				67BE29F725D42B3E00A6A852 /* UINavigationController Extensions.swift */,
			);
			path = Extensions;
			sourceTree = "<group>";
		};
		67BE29F425D4225F00A6A852 /* Data */ = {
			isa = PBXGroup;
			children = (
				67BE29F525D4227E00A6A852 /* Colors.swift */,
			);
			path = Data;
			sourceTree = "<group>";
		};
		67F551EF26749E5D00F41A05 /* CWeatherTests */ = {
			isa = PBXGroup;
			children = (
				67F552002674E15E00F41A05 /* Mocks */,
				67F551FD2674A80300F41A05 /* ManagersTests */,
				67F551F826749E9300F41A05 /* ModelsTests */,
				67F551F226749E5D00F41A05 /* Info.plist */,
			);
			path = CWeatherTests;
			sourceTree = "<group>";
		};
		67F551F826749E9300F41A05 /* ModelsTests */ = {
			isa = PBXGroup;
			children = (
				67F551F926749EBD00F41A05 /* CurrentWeatherModelTest.swift */,
			);
			path = ModelsTests;
			sourceTree = "<group>";
		};
		67F551FD2674A80300F41A05 /* ManagersTests */ = {
			isa = PBXGroup;
			children = (
				67F551FE2674A83300F41A05 /* APIManagerTest.swift */,
			);
			path = ManagersTests;
			sourceTree = "<group>";
		};
		67F552002674E15E00F41A05 /* Mocks */ = {
			isa = PBXGroup;
			children = (
				67F552012674E18100F41A05 /* MockURLProtocol.swift */,
			);
			path = Mocks;
			sourceTree = "<group>";
		};
/* End PBXGroup section */

/* Begin PBXNativeTarget section */
		6726A3A725CC3357002DF237 /* CWeather */ = {
			isa = PBXNativeTarget;
			buildConfigurationList = 6726A3BC25CC3360002DF237 /* Build configuration list for PBXNativeTarget "CWeather" */;
			buildPhases = (
				6726A3A425CC3357002DF237 /* Sources */,
				6726A3A525CC3357002DF237 /* Frameworks */,
				6726A3A625CC3357002DF237 /* Resources */,
			);
			buildRules = (
			);
			dependencies = (
			);
			name = CWeather;
			productName = CWeather;
			productReference = 6726A3A825CC3357002DF237 /* CWeather.app */;
			productType = "com.apple.product-type.application";
		};
		67F551ED26749E5D00F41A05 /* CWeatherTests */ = {
			isa = PBXNativeTarget;
			buildConfigurationList = 67F551F726749E5D00F41A05 /* Build configuration list for PBXNativeTarget "CWeatherTests" */;
			buildPhases = (
				67F551EA26749E5D00F41A05 /* Sources */,
				67F551EB26749E5D00F41A05 /* Frameworks */,
				67F551EC26749E5D00F41A05 /* Resources */,
			);
			buildRules = (
			);
			dependencies = (
				67F551F426749E5D00F41A05 /* PBXTargetDependency */,
			);
			name = CWeatherTests;
			productName = CWeatherTests;
			productReference = 67F551EE26749E5D00F41A05 /* CWeatherTests.xctest */;
			productType = "com.apple.product-type.bundle.unit-test";
		};
/* End PBXNativeTarget section */

/* Begin PBXProject section */
		6726A3A025CC3357002DF237 /* Project object */ = {
			isa = PBXProject;
			attributes = {
				LastSwiftUpdateCheck = 1150;
				LastUpgradeCheck = 1150;
				ORGANIZATIONNAME = vlsuv;
				TargetAttributes = {
					6726A3A725CC3357002DF237 = {
						CreatedOnToolsVersion = 11.5;
					};
					67F551ED26749E5D00F41A05 = {
						CreatedOnToolsVersion = 11.5;
						TestTargetID = 6726A3A725CC3357002DF237;
					};
				};
			};
			buildConfigurationList = 6726A3A325CC3357002DF237 /* Build configuration list for PBXProject "CWeather" */;
			compatibilityVersion = "Xcode 9.3";
			developmentRegion = en;
			hasScannedForEncodings = 0;
			knownRegions = (
				en,
				Base,
			);
			mainGroup = 6726A39F25CC3357002DF237;
			productRefGroup = 6726A3A925CC3357002DF237 /* Products */;
			projectDirPath = "";
			projectRoot = "";
			targets = (
				6726A3A725CC3357002DF237 /* CWeather */,
				67F551ED26749E5D00F41A05 /* CWeatherTests */,
			);
		};
/* End PBXProject section */

/* Begin PBXResourcesBuildPhase section */
		6726A3A625CC3357002DF237 /* Resources */ = {
			isa = PBXResourcesBuildPhase;
			buildActionMask = 2147483647;
			files = (
				6726A3C025CC3382002DF237 /* .gitignore in Resources */,
				6726A3B825CC3360002DF237 /* LaunchScreen.storyboard in Resources */,
				6726A3B525CC3360002DF237 /* Assets.xcassets in Resources */,
				6726A3B325CC3357002DF237 /* Main.storyboard in Resources */,
			);
			runOnlyForDeploymentPostprocessing = 0;
		};
		67F551EC26749E5D00F41A05 /* Resources */ = {
			isa = PBXResourcesBuildPhase;
			buildActionMask = 2147483647;
			files = (
			);
			runOnlyForDeploymentPostprocessing = 0;
		};
/* End PBXResourcesBuildPhase section */

/* Begin PBXSourcesBuildPhase section */
		6726A3A425CC3357002DF237 /* Sources */ = {
			isa = PBXSourcesBuildPhase;
			buildActionMask = 2147483647;
			files = (
				6726A3B025CC3357002DF237 /* CurrentWeatherController.swift in Sources */,
				67BE29F625D4227E00A6A852 /* Colors.swift in Sources */,
				6726A3AC25CC3357002DF237 /* AppDelegate.swift in Sources */,
				6726A3CE25CC4875002DF237 /* ErrorManager.swift in Sources */,
				679A7D5125CD904000DD5C62 /* UIViewController Extensions.swift in Sources */,
				6726A3CA25CC464E002DF237 /* APIManager.swift in Sources */,
				6726A3CC25CC466A002DF237 /* WeatherAPIManager.swift in Sources */,
				6726A3C725CC3EAC002DF237 /* CurrentWeather.swift in Sources */,
				67BE29F825D42B3E00A6A852 /* UINavigationController Extensions.swift in Sources */,
				6726A3AE25CC3357002DF237 /* SceneDelegate.swift in Sources */,
				67BE29FA25D440DF00A6A852 /* WeatherImageManager.swift in Sources */,
				67E1F38725CECF3500695FE2 /* LocationManager.swift in Sources */,
			);
			runOnlyForDeploymentPostprocessing = 0;
		};
		67F551EA26749E5D00F41A05 /* Sources */ = {
			isa = PBXSourcesBuildPhase;
			buildActionMask = 2147483647;
			files = (
				67F552022674E18100F41A05 /* MockURLProtocol.swift in Sources */,
				67F551FF2674A83300F41A05 /* APIManagerTest.swift in Sources */,
				67F551FA26749EBD00F41A05 /* CurrentWeatherModelTest.swift in Sources */,
			);
			runOnlyForDeploymentPostprocessing = 0;
		};
/* End PBXSourcesBuildPhase section */

/* Begin PBXTargetDependency section */
		67F551F426749E5D00F41A05 /* PBXTargetDependency */ = {
			isa = PBXTargetDependency;
			target = 6726A3A725CC3357002DF237 /* CWeather */;
			targetProxy = 67F551F326749E5D00F41A05 /* PBXContainerItemProxy */;
		};
/* End PBXTargetDependency section */

/* Begin PBXVariantGroup section */
		6726A3B125CC3357002DF237 /* Main.storyboard */ = {
			isa = PBXVariantGroup;
			children = (
				6726A3B225CC3357002DF237 /* Base */,
			);
			name = Main.storyboard;
			sourceTree = "<group>";
		};
		6726A3B625CC3360002DF237 /* LaunchScreen.storyboard */ = {
			isa = PBXVariantGroup;
			children = (
				6726A3B725CC3360002DF237 /* Base */,
			);
			name = LaunchScreen.storyboard;
			sourceTree = "<group>";
		};
/* End PBXVariantGroup section */

/* Begin XCBuildConfiguration section */
		6726A3BA25CC3360002DF237 /* Debug */ = {
			isa = XCBuildConfiguration;
			buildSettings = {
				ALWAYS_SEARCH_USER_PATHS = NO;
				CLANG_ANALYZER_NONNULL = YES;
				CLANG_ANALYZER_NUMBER_OBJECT_CONVERSION = YES_AGGRESSIVE;
				CLANG_CXX_LANGUAGE_STANDARD = "gnu++14";
				CLANG_CXX_LIBRARY = "libc++";
				CLANG_ENABLE_MODULES = YES;
				CLANG_ENABLE_OBJC_ARC = YES;
				CLANG_ENABLE_OBJC_WEAK = YES;
				CLANG_WARN_BLOCK_CAPTURE_AUTORELEASING = YES;
				CLANG_WARN_BOOL_CONVERSION = YES;
				CLANG_WARN_COMMA = YES;
				CLANG_WARN_CONSTANT_CONVERSION = YES;
				CLANG_WARN_DEPRECATED_OBJC_IMPLEMENTATIONS = YES;
				CLANG_WARN_DIRECT_OBJC_ISA_USAGE = YES_ERROR;
				CLANG_WARN_DOCUMENTATION_COMMENTS = YES;
				CLANG_WARN_EMPTY_BODY = YES;
				CLANG_WARN_ENUM_CONVERSION = YES;
				CLANG_WARN_INFINITE_RECURSION = YES;
				CLANG_WARN_INT_CONVERSION = YES;
				CLANG_WARN_NON_LITERAL_NULL_CONVERSION = YES;
				CLANG_WARN_OBJC_IMPLICIT_RETAIN_SELF = YES;
				CLANG_WARN_OBJC_LITERAL_CONVERSION = YES;
				CLANG_WARN_OBJC_ROOT_CLASS = YES_ERROR;
				CLANG_WARN_RANGE_LOOP_ANALYSIS = YES;
				CLANG_WARN_STRICT_PROTOTYPES = YES;
				CLANG_WARN_SUSPICIOUS_MOVE = YES;
				CLANG_WARN_UNGUARDED_AVAILABILITY = YES_AGGRESSIVE;
				CLANG_WARN_UNREACHABLE_CODE = YES;
				CLANG_WARN__DUPLICATE_METHOD_MATCH = YES;
				COPY_PHASE_STRIP = NO;
				DEBUG_INFORMATION_FORMAT = dwarf;
				ENABLE_STRICT_OBJC_MSGSEND = YES;
				ENABLE_TESTABILITY = YES;
				GCC_C_LANGUAGE_STANDARD = gnu11;
				GCC_DYNAMIC_NO_PIC = NO;
				GCC_NO_COMMON_BLOCKS = YES;
				GCC_OPTIMIZATION_LEVEL = 0;
				GCC_PREPROCESSOR_DEFINITIONS = (
					"DEBUG=1",
					"$(inherited)",
				);
				GCC_WARN_64_TO_32_BIT_CONVERSION = YES;
				GCC_WARN_ABOUT_RETURN_TYPE = YES_ERROR;
				GCC_WARN_UNDECLARED_SELECTOR = YES;
				GCC_WARN_UNINITIALIZED_AUTOS = YES_AGGRESSIVE;
				GCC_WARN_UNUSED_FUNCTION = YES;
				GCC_WARN_UNUSED_VARIABLE = YES;
				IPHONEOS_DEPLOYMENT_TARGET = 13.5;
				MTL_ENABLE_DEBUG_INFO = INCLUDE_SOURCE;
				MTL_FAST_MATH = YES;
				ONLY_ACTIVE_ARCH = YES;
				SDKROOT = iphoneos;
				SWIFT_ACTIVE_COMPILATION_CONDITIONS = DEBUG;
				SWIFT_OPTIMIZATION_LEVEL = "-Onone";
			};
			name = Debug;
		};
		6726A3BB25CC3360002DF237 /* Release */ = {
			isa = XCBuildConfiguration;
			buildSettings = {
				ALWAYS_SEARCH_USER_PATHS = NO;
				CLANG_ANALYZER_NONNULL = YES;
				CLANG_ANALYZER_NUMBER_OBJECT_CONVERSION = YES_AGGRESSIVE;
				CLANG_CXX_LANGUAGE_STANDARD = "gnu++14";
				CLANG_CXX_LIBRARY = "libc++";
				CLANG_ENABLE_MODULES = YES;
				CLANG_ENABLE_OBJC_ARC = YES;
				CLANG_ENABLE_OBJC_WEAK = YES;
				CLANG_WARN_BLOCK_CAPTURE_AUTORELEASING = YES;
				CLANG_WARN_BOOL_CONVERSION = YES;
				CLANG_WARN_COMMA = YES;
				CLANG_WARN_CONSTANT_CONVERSION = YES;
				CLANG_WARN_DEPRECATED_OBJC_IMPLEMENTATIONS = YES;
				CLANG_WARN_DIRECT_OBJC_ISA_USAGE = YES_ERROR;
				CLANG_WARN_DOCUMENTATION_COMMENTS = YES;
				CLANG_WARN_EMPTY_BODY = YES;
				CLANG_WARN_ENUM_CONVERSION = YES;
				CLANG_WARN_INFINITE_RECURSION = YES;
				CLANG_WARN_INT_CONVERSION = YES;
				CLANG_WARN_NON_LITERAL_NULL_CONVERSION = YES;
				CLANG_WARN_OBJC_IMPLICIT_RETAIN_SELF = YES;
				CLANG_WARN_OBJC_LITERAL_CONVERSION = YES;
				CLANG_WARN_OBJC_ROOT_CLASS = YES_ERROR;
				CLANG_WARN_RANGE_LOOP_ANALYSIS = YES;
				CLANG_WARN_STRICT_PROTOTYPES = YES;
				CLANG_WARN_SUSPICIOUS_MOVE = YES;
				CLANG_WARN_UNGUARDED_AVAILABILITY = YES_AGGRESSIVE;
				CLANG_WARN_UNREACHABLE_CODE = YES;
				CLANG_WARN__DUPLICATE_METHOD_MATCH = YES;
				COPY_PHASE_STRIP = NO;
				DEBUG_INFORMATION_FORMAT = "dwarf-with-dsym";
				ENABLE_NS_ASSERTIONS = NO;
				ENABLE_STRICT_OBJC_MSGSEND = YES;
				GCC_C_LANGUAGE_STANDARD = gnu11;
				GCC_NO_COMMON_BLOCKS = YES;
				GCC_WARN_64_TO_32_BIT_CONVERSION = YES;
				GCC_WARN_ABOUT_RETURN_TYPE = YES_ERROR;
				GCC_WARN_UNDECLARED_SELECTOR = YES;
				GCC_WARN_UNINITIALIZED_AUTOS = YES_AGGRESSIVE;
				GCC_WARN_UNUSED_FUNCTION = YES;
				GCC_WARN_UNUSED_VARIABLE = YES;
				IPHONEOS_DEPLOYMENT_TARGET = 13.5;
				MTL_ENABLE_DEBUG_INFO = NO;
				MTL_FAST_MATH = YES;
				SDKROOT = iphoneos;
				SWIFT_COMPILATION_MODE = wholemodule;
				SWIFT_OPTIMIZATION_LEVEL = "-O";
				VALIDATE_PRODUCT = YES;
			};
			name = Release;
		};
		6726A3BD25CC3360002DF237 /* Debug */ = {
			isa = XCBuildConfiguration;
			buildSettings = {
				ASSETCATALOG_COMPILER_APPICON_NAME = AppIcon;
				CODE_SIGN_STYLE = Automatic;
				DEVELOPMENT_TEAM = MWFAWW6L55;
				INFOPLIST_FILE = CWeather/Info.plist;
				LD_RUNPATH_SEARCH_PATHS = (
					"$(inherited)",
					"@executable_path/Frameworks",
				);
				PRODUCT_BUNDLE_IDENTIFIER = com.CWeather;
				PRODUCT_NAME = "$(TARGET_NAME)";
				SWIFT_VERSION = 5.0;
				TARGETED_DEVICE_FAMILY = 1;
			};
			name = Debug;
		};
		6726A3BE25CC3360002DF237 /* Release */ = {
			isa = XCBuildConfiguration;
			buildSettings = {
				ASSETCATALOG_COMPILER_APPICON_NAME = AppIcon;
				CODE_SIGN_STYLE = Automatic;
				DEVELOPMENT_TEAM = MWFAWW6L55;
				INFOPLIST_FILE = CWeather/Info.plist;
				LD_RUNPATH_SEARCH_PATHS = (
					"$(inherited)",
					"@executable_path/Frameworks",
				);
				PRODUCT_BUNDLE_IDENTIFIER = com.CWeather;
				PRODUCT_NAME = "$(TARGET_NAME)";
				SWIFT_VERSION = 5.0;
				TARGETED_DEVICE_FAMILY = 1;
			};
			name = Release;
		};
		67F551F526749E5D00F41A05 /* Debug */ = {
			isa = XCBuildConfiguration;
			buildSettings = {
				BUNDLE_LOADER = "$(TEST_HOST)";
				CODE_SIGN_STYLE = Automatic;
				DEVELOPMENT_TEAM = MWFAWW6L55;
				INFOPLIST_FILE = CWeatherTests/Info.plist;
				LD_RUNPATH_SEARCH_PATHS = (
					"$(inherited)",
					"@executable_path/Frameworks",
					"@loader_path/Frameworks",
				);
				PRODUCT_BUNDLE_IDENTIFIER = com.CWeatherTests;
				PRODUCT_NAME = "$(TARGET_NAME)";
				SWIFT_VERSION = 5.0;
				TARGETED_DEVICE_FAMILY = "1,2";
				TEST_HOST = "$(BUILT_PRODUCTS_DIR)/CWeather.app/CWeather";
			};
			name = Debug;
		};
		67F551F626749E5D00F41A05 /* Release */ = {
			isa = XCBuildConfiguration;
			buildSettings = {
				BUNDLE_LOADER = "$(TEST_HOST)";
				CODE_SIGN_STYLE = Automatic;
				DEVELOPMENT_TEAM = MWFAWW6L55;
				INFOPLIST_FILE = CWeatherTests/Info.plist;
				LD_RUNPATH_SEARCH_PATHS = (
					"$(inherited)",
					"@executable_path/Frameworks",
					"@loader_path/Frameworks",
				);
				PRODUCT_BUNDLE_IDENTIFIER = com.CWeatherTests;
				PRODUCT_NAME = "$(TARGET_NAME)";
				SWIFT_VERSION = 5.0;
				TARGETED_DEVICE_FAMILY = "1,2";
				TEST_HOST = "$(BUILT_PRODUCTS_DIR)/CWeather.app/CWeather";
			};
			name = Release;
		};
/* End XCBuildConfiguration section */

/* Begin XCConfigurationList section */
		6726A3A325CC3357002DF237 /* Build configuration list for PBXProject "CWeather" */ = {
			isa = XCConfigurationList;
			buildConfigurations = (
				6726A3BA25CC3360002DF237 /* Debug */,
				6726A3BB25CC3360002DF237 /* Release */,
			);
			defaultConfigurationIsVisible = 0;
			defaultConfigurationName = Release;
		};
		6726A3BC25CC3360002DF237 /* Build configuration list for PBXNativeTarget "CWeather" */ = {
			isa = XCConfigurationList;
			buildConfigurations = (
				6726A3BD25CC3360002DF237 /* Debug */,
				6726A3BE25CC3360002DF237 /* Release */,
			);
			defaultConfigurationIsVisible = 0;
			defaultConfigurationName = Release;
		};
		67F551F726749E5D00F41A05 /* Build configuration list for PBXNativeTarget "CWeatherTests" */ = {
			isa = XCConfigurationList;
			buildConfigurations = (
				67F551F526749E5D00F41A05 /* Debug */,
				67F551F626749E5D00F41A05 /* Release */,
			);
			defaultConfigurationIsVisible = 0;
			defaultConfigurationName = Release;
		};
/* End XCConfigurationList section */
	};
	rootObject = 6726A3A025CC3357002DF237 /* Project object */;
}
